
Microsoft Visual Studio Solution File, Format Version 12.00
# Visual Studio Version 16
VisualStudioVersion = 16.0.31205.134
MinimumVisualStudioVersion = 10.0.40219.1
Project("{FAE04EC0-301F-11D3-BF4B-00C04F79EFBC}") = "PresentationLayer", "MobileOperatatingSystem\PresentationLayer.csproj", "{3B5CA122-064E-4CC3-BFF0-0DC3FD9E10AA}"
EndProject
Project("{FAE04EC0-301F-11D3-BF4B-00C04F79EFBC}") = "BusinessLayer", "BusinessLayer\BusinessLayer.csproj", "{359489F4-A23A-464B-8872-DA3A1A4801CF}"
EndProject
Project("{FAE04EC0-301F-11D3-BF4B-00C04F79EFBC}") = "DataAccessLayer", "DataAccessLayer\DataAccessLayer.csproj", "{5471FBAF-D0D6-4F2E-828A-DA683A8287F1}"
EndProject
Project("{FAE04EC0-301F-11D3-BF4B-00C04F79EFBC}") = "Entities", "Entities\Entities.csproj", "{7977FA53-CC8C-4F3B-BD07-9D5ACBD54EE1}"
EndProject
Project("{FAE04EC0-301F-11D3-BF4B-00C04F79EFBC}") = "CustomException", "CustomException\CustomException.csproj", "{B7183540-8313-435C-842D-B96ACB915638}"
EndProject
Global
	GlobalSection(SolutionConfigurationPlatforms) = preSolution
		Debug|Any CPU = Debug|Any CPU
		Release|Any CPU = Release|Any CPU
	EndGlobalSection
	GlobalSection(ProjectConfigurationPlatforms) = postSolution
		{3B5CA122-064E-4CC3-BFF0-0DC3FD9E10AA}.Debug|Any CPU.ActiveCfg = Debug|Any CPU
		{3B5CA122-064E-4CC3-BFF0-0DC3FD9E10AA}.Debug|Any CPU.Build.0 = Debug|Any CPU
		{3B5CA122-064E-4CC3-BFF0-0DC3FD9E10AA}.Release|Any CPU.ActiveCfg = Release|Any CPU
		{3B5CA122-064E-4CC3-BFF0-0DC3FD9E10AA}.Release|Any CPU.Build.0 = Release|Any CPU
		{359489F4-A23A-464B-8872-DA3A1A4801CF}.Debug|Any CPU.ActiveCfg = Debug|Any CPU
		{359489F4-A23A-464B-8872-DA3A1A4801CF}.Debug|Any CPU.Build.0 = Debug|Any CPU
		{359489F4-A23A-464B-8872-DA3A1A4801CF}.Release|Any CPU.ActiveCfg = Release|Any CPU
		{359489F4-A23A-464B-8872-DA3A1A4801CF}.Release|Any CPU.Build.0 = Release|Any CPU
		{5471FBAF-D0D6-4F2E-828A-DA683A8287F1}.Debug|Any CPU.ActiveCfg = Debug|Any CPU
		{5471FBAF-D0D6-4F2E-828A-DA683A8287F1}.Debug|Any CPU.Build.0 = Debug|Any CPU
		{5471FBAF-D0D6-4F2E-828A-DA683A8287F1}.Release|Any CPU.ActiveCfg = Release|Any CPU
		{5471FBAF-D0D6-4F2E-828A-DA683A8287F1}.Release|Any CPU.Build.0 = Release|Any CPU
		{7977FA53-CC8C-4F3B-BD07-9D5ACBD54EE1}.Debug|Any CPU.ActiveCfg = Debug|Any CPU
		{7977FA53-CC8C-4F3B-BD07-9D5ACBD54EE1}.Debug|Any CPU.Build.0 = Debug|Any CPU
		{7977FA53-CC8C-4F3B-BD07-9D5ACBD54EE1}.Release|Any CPU.ActiveCfg = Release|Any CPU
		{7977FA53-CC8C-4F3B-BD07-9D5ACBD54EE1}.Release|Any CPU.Build.0 = Release|Any CPU
		{B7183540-8313-435C-842D-B96ACB915638}.Debug|Any CPU.ActiveCfg = Debug|Any CPU
		{B7183540-8313-435C-842D-B96ACB915638}.Debug|Any CPU.Build.0 = Debug|Any CPU
		{B7183540-8313-435C-842D-B96ACB915638}.Release|Any CPU.ActiveCfg = Release|Any CPU
		{B7183540-8313-435C-842D-B96ACB915638}.Release|Any CPU.Build.0 = Release|Any CPU
	EndGlobalSection
	GlobalSection(SolutionProperties) = preSolution
		HideSolutionNode = FALSE
	EndGlobalSection
	GlobalSection(ExtensibilityGlobals) = postSolution
		SolutionGuid = {CB5EB6FB-68C9-4F57-A2BF-333F608096B8}
	EndGlobalSection
EndGlobal
